
Microsoft Visual Studio Solution File, Format Version 12.00
# Visual Studio Version 16
VisualStudioVersion = 16.0.32228.343
MinimumVisualStudioVersion = 10.0.40219.1
Project("{FAE04EC0-301F-11D3-BF4B-00C04F79EFBC}") = "PortfolioApp", "PortfolioApp\PortfolioApp.csproj", "{FC8947A6-C99D-48AB-A6DB-28FD137D91DC}"
EndProject
Project("{FAE04EC0-301F-11D3-BF4B-00C04F79EFBC}") = "Lib.Core", "Lib.Core\Lib.Core.csproj", "{3ADAA549-8CEE-4A16-8AD3-C61F67F13EFA}"
EndProject
Project("{FAE04EC0-301F-11D3-BF4B-00C04F79EFBC}") = "Lib.Services", "Lib.Services\Lib.Services.csproj", "{170D8944-A815-43EE-81DC-66796C0D9E36}"
EndProject
Global
	GlobalSection(SolutionConfigurationPlatforms) = preSolution
		Debug|Any CPU = Debug|Any CPU
		Release|Any CPU = Release|Any CPU
	EndGlobalSection
	GlobalSection(ProjectConfigurationPlatforms) = postSolution
		{FC8947A6-C99D-48AB-A6DB-28FD137D91DC}.Debug|Any CPU.ActiveCfg = Debug|Any CPU
		{FC8947A6-C99D-48AB-A6DB-28FD137D91DC}.Debug|Any CPU.Build.0 = Debug|Any CPU
		{FC8947A6-C99D-48AB-A6DB-28FD137D91DC}.Release|Any CPU.ActiveCfg = Release|Any CPU
		{FC8947A6-C99D-48AB-A6DB-28FD137D91DC}.Release|Any CPU.Build.0 = Release|Any CPU
		{3ADAA549-8CEE-4A16-8AD3-C61F67F13EFA}.Debug|Any CPU.ActiveCfg = Debug|Any CPU
		{3ADAA549-8CEE-4A16-8AD3-C61F67F13EFA}.Debug|Any CPU.Build.0 = Debug|Any CPU
		{3ADAA549-8CEE-4A16-8AD3-C61F67F13EFA}.Release|Any CPU.ActiveCfg = Release|Any CPU
		{3ADAA549-8CEE-4A16-8AD3-C61F67F13EFA}.Release|Any CPU.Build.0 = Release|Any CPU
		{170D8944-A815-43EE-81DC-66796C0D9E36}.Debug|Any CPU.ActiveCfg = Debug|Any CPU
		{170D8944-A815-43EE-81DC-66796C0D9E36}.Debug|Any CPU.Build.0 = Debug|Any CPU
		{170D8944-A815-43EE-81DC-66796C0D9E36}.Release|Any CPU.ActiveCfg = Release|Any CPU
		{170D8944-A815-43EE-81DC-66796C0D9E36}.Release|Any CPU.Build.0 = Release|Any CPU
	EndGlobalSection
	GlobalSection(SolutionProperties) = preSolution
		HideSolutionNode = FALSE
	EndGlobalSection
	GlobalSection(ExtensibilityGlobals) = postSolution
		SolutionGuid = {B2BADB73-ECE2-4CCC-BA19-6BA249AA069D}
	EndGlobalSection
EndGlobal
